
Microsoft Visual Studio Solution File, Format Version 12.00
# Visual Studio 14
VisualStudioVersion = 14.0.25420.1
MinimumVisualStudioVersion = 10.0.40219.1
Project("{FAE04EC0-301F-11D3-BF4B-00C04F79EFBC}") = "aventOfCode2016", "aventOfCode2016\aventOfCode2016.csproj", "{386F99FD-0579-48B9-B596-95453E9E0017}"
EndProject
Project("{FAE04EC0-301F-11D3-BF4B-00C04F79EFBC}") = "aventOfCode2016Tests", "aventOfCode2016Tests\aventOfCode2016Tests.csproj", "{9BFF3218-45BD-4978-AB6B-D5DC4FABAC7F}"
EndProject
Global
	GlobalSection(SolutionConfigurationPlatforms) = preSolution
		Debug|Any CPU = Debug|Any CPU
		Release|Any CPU = Release|Any CPU
	EndGlobalSection
	GlobalSection(ProjectConfigurationPlatforms) = postSolution
		{386F99FD-0579-48B9-B596-95453E9E0017}.Debug|Any CPU.ActiveCfg = Debug|Any CPU
		{386F99FD-0579-48B9-B596-95453E9E0017}.Debug|Any CPU.Build.0 = Debug|Any CPU
		{386F99FD-0579-48B9-B596-95453E9E0017}.Release|Any CPU.ActiveCfg = Release|Any CPU
		{386F99FD-0579-48B9-B596-95453E9E0017}.Release|Any CPU.Build.0 = Release|Any CPU
		{9BFF3218-45BD-4978-AB6B-D5DC4FABAC7F}.Debug|Any CPU.ActiveCfg = Debug|Any CPU
		{9BFF3218-45BD-4978-AB6B-D5DC4FABAC7F}.Debug|Any CPU.Build.0 = Debug|Any CPU
		{9BFF3218-45BD-4978-AB6B-D5DC4FABAC7F}.Release|Any CPU.ActiveCfg = Release|Any CPU
		{9BFF3218-45BD-4978-AB6B-D5DC4FABAC7F}.Release|Any CPU.Build.0 = Release|Any CPU
	EndGlobalSection
	GlobalSection(SolutionProperties) = preSolution
		HideSolutionNode = FALSE
	EndGlobalSection
EndGlobal
